<Solution>
  <Configurations>
    <Platform Name="Any CPU" />
    <Platform Name="x64" />
  </Configurations>
  <Folder Name="/Apps/" />
  <Folder Name="/Apps/CLI/">
    <Project Path="TexasHandEvaluator/TexasHandEvaluator.csproj" Id="d11a5801-0fb6-4709-b6c8-631d0650fc6b" />
  </Folder>
  <Folder Name="/Apps/GUI/" />
  <Folder Name="/Apps/WEB/" />
  <Folder Name="/Solution Items/">
    <File Path=".editorconfig" />
  </Folder>
  <Project Path="Infokom.Gaming.Poker.Texas/Infokom.Gaming.Poker.Texas.csproj">
    <Platform Solution="*|x64" Project="x64" />
  </Project>
  <Project Path="Infokom.Gaming.Poker/Infokom.Gaming.Poker.csproj" Id="1634ef90-e113-4737-9ffe-347004bedab6" />
  <Project Path="Infokom.Numerics/Infokom.Numerics.csproj" Id="14d6f72c-11e4-4114-b5d2-c614cf5891a9">
    <Platform Solution="*|x64" Project="x64" />
  </Project>
</Solution>
